# Generated by pub
# See http://pub.dartlang.org/doc/glossary.html#lockfile
packages:
  collection:
    description: collection
    source: hosted
    version: "0.9.1"
  http_parser:
    description: http_parser
    source: hosted
    version: "0.0.1"
  matcher:
    description: matcher
    source: hosted
    version: "0.10.0"
  mock:
    description: mock
    source: hosted
    version: "0.10.0+1"
  path:
    description: path
    source: hosted
    version: "1.1.0"
  shelf:
    description: shelf
    source: hosted
    version: "0.4.0"
  shelf_exception_response:
    description:
      path: "../shelf_exception_response"
      relative: true
    source: path
    version: "0.1.0"
  stack_trace:
    description: stack_trace
    source: hosted
    version: "0.9.3+1"
  string_scanner:
    description: string_scanner
    source: hosted
    version: "0.0.1"
  unittest:
    description: unittest
    source: hosted
    version: "0.10.1+2"
